// !$*UTF8*$!
{
	archiveVersion = 1;
	classes = {
	};
	objectVersion = 46;
	objects = {

/* Begin PBXBuildFile section */
		36BAB03A1B9AD9E900F2B5D2 /* AppDelegate.swift in Sources */ = {isa = PBXBuildFile; fileRef = 36BAB0391B9AD9E900F2B5D2 /* AppDelegate.swift */; };
		36BAB03C1B9AD9E900F2B5D2 /* ViewController.swift in Sources */ = {isa = PBXBuildFile; fileRef = 36BAB03B1B9AD9E900F2B5D2 /* ViewController.swift */; };
		36BAB03F1B9AD9E900F2B5D2 /* Main.storyboard in Resources */ = {isa = PBXBuildFile; fileRef = 36BAB03D1B9AD9E900F2B5D2 /* Main.storyboard */; };
		36BAB0411B9AD9E900F2B5D2 /* Images.xcassets in Resources */ = {isa = PBXBuildFile; fileRef = 36BAB0401B9AD9E900F2B5D2 /* Images.xcassets */; };
		36BAB0441B9AD9E900F2B5D2 /* LaunchScreen.xib in Resources */ = {isa = PBXBuildFile; fileRef = 36BAB0421B9AD9E900F2B5D2 /* LaunchScreen.xib */; };
		36BAB0501B9AD9E900F2B5D2 /* SafeWalkTests.swift in Sources */ = {isa = PBXBuildFile; fileRef = 36BAB04F1B9AD9E900F2B5D2 /* SafeWalkTests.swift */; };
		36BAB05A1B9B478E00F2B5D2 /* libPods-SafeWalk.a in Frameworks */ = {isa = PBXBuildFile; fileRef = 36BAB0591B9B478E00F2B5D2 /* libPods-SafeWalk.a */; };
		635DA12A1B9BFD740078BAE4 /* VCMapView.swift in Sources */ = {isa = PBXBuildFile; fileRef = 635DA1291B9BFD740078BAE4 /* VCMapView.swift */; };
		635DA12C1B9BFD7E0078BAE4 /* Safety.swift in Sources */ = {isa = PBXBuildFile; fileRef = 635DA12B1B9BFD7E0078BAE4 /* Safety.swift */; };
		635DA12E1B9BFDBD0078BAE4 /* SecondViewController.swift in Sources */ = {isa = PBXBuildFile; fileRef = 635DA12D1B9BFDBD0078BAE4 /* SecondViewController.swift */; };
		635DA1301B9C026F0078BAE4 /* philly.gpx in Resources */ = {isa = PBXBuildFile; fileRef = 635DA12F1B9C026F0078BAE4 /* philly.gpx */; };
/* End PBXBuildFile section */

/* Begin PBXContainerItemProxy section */
		36BAB04A1B9AD9E900F2B5D2 /* PBXContainerItemProxy */ = {
			isa = PBXContainerItemProxy;
			containerPortal = 36BAB02C1B9AD9E900F2B5D2 /* Project object */;
			proxyType = 1;
			remoteGlobalIDString = 36BAB0331B9AD9E900F2B5D2;
			remoteInfo = SafeWalk;
		};
/* End PBXContainerItemProxy section */

/* Begin PBXFileReference section */
		36BAB0341B9AD9E900F2B5D2 /* SafeWalk.app */ = {isa = PBXFileReference; explicitFileType = wrapper.application; includeInIndex = 0; path = SafeWalk.app; sourceTree = BUILT_PRODUCTS_DIR; };
		36BAB0381B9AD9E900F2B5D2 /* Info.plist */ = {isa = PBXFileReference; lastKnownFileType = text.plist.xml; path = Info.plist; sourceTree = "<group>"; };
		36BAB0391B9AD9E900F2B5D2 /* AppDelegate.swift */ = {isa = PBXFileReference; lastKnownFileType = sourcecode.swift; path = AppDelegate.swift; sourceTree = "<group>"; };
		36BAB03B1B9AD9E900F2B5D2 /* ViewController.swift */ = {isa = PBXFileReference; lastKnownFileType = sourcecode.swift; path = ViewController.swift; sourceTree = "<group>"; };
		36BAB03E1B9AD9E900F2B5D2 /* Base */ = {isa = PBXFileReference; lastKnownFileType = file.storyboard; name = Base; path = Base.lproj/Main.storyboard; sourceTree = "<group>"; };
		36BAB0401B9AD9E900F2B5D2 /* Images.xcassets */ = {isa = PBXFileReference; lastKnownFileType = folder.assetcatalog; path = Images.xcassets; sourceTree = "<group>"; };
		36BAB0431B9AD9E900F2B5D2 /* Base */ = {isa = PBXFileReference; lastKnownFileType = file.xib; name = Base; path = Base.lproj/LaunchScreen.xib; sourceTree = "<group>"; };
		36BAB0491B9AD9E900F2B5D2 /* SafeWalkTests.xctest */ = {isa = PBXFileReference; explicitFileType = wrapper.cfbundle; includeInIndex = 0; path = SafeWalkTests.xctest; sourceTree = BUILT_PRODUCTS_DIR; };
		36BAB04E1B9AD9E900F2B5D2 /* Info.plist */ = {isa = PBXFileReference; lastKnownFileType = text.plist.xml; path = Info.plist; sourceTree = "<group>"; };
		36BAB04F1B9AD9E900F2B5D2 /* SafeWalkTests.swift */ = {isa = PBXFileReference; lastKnownFileType = sourcecode.swift; path = SafeWalkTests.swift; sourceTree = "<group>"; };
		36BAB0591B9B478E00F2B5D2 /* libPods-SafeWalk.a */ = {isa = PBXFileReference; lastKnownFileType = archive.ar; path = "libPods-SafeWalk.a"; sourceTree = "<group>"; };
		635DA1291B9BFD740078BAE4 /* VCMapView.swift */ = {isa = PBXFileReference; fileEncoding = 4; lastKnownFileType = sourcecode.swift; path = VCMapView.swift; sourceTree = "<group>"; };
		635DA12B1B9BFD7E0078BAE4 /* Safety.swift */ = {isa = PBXFileReference; fileEncoding = 4; lastKnownFileType = sourcecode.swift; path = Safety.swift; sourceTree = "<group>"; };
		635DA12D1B9BFDBD0078BAE4 /* SecondViewController.swift */ = {isa = PBXFileReference; fileEncoding = 4; lastKnownFileType = sourcecode.swift; path = SecondViewController.swift; sourceTree = "<group>"; };
		635DA12F1B9C026F0078BAE4 /* philly.gpx */ = {isa = PBXFileReference; fileEncoding = 4; lastKnownFileType = text.xml; path = philly.gpx; sourceTree = "<group>"; };
		AAFBA120FE917D67A0576AAF /* Pods-SafeWalk.debug.xcconfig */ = {isa = PBXFileReference; includeInIndex = 1; lastKnownFileType = text.xcconfig; name = "Pods-SafeWalk.debug.xcconfig"; path = "Pods/Target Support Files/Pods-SafeWalk/Pods-SafeWalk.debug.xcconfig"; sourceTree = "<group>"; };
		E11AC9A7AF90F264A557CB8D /* Pods-SafeWalk.release.xcconfig */ = {isa = PBXFileReference; includeInIndex = 1; lastKnownFileType = text.xcconfig; name = "Pods-SafeWalk.release.xcconfig"; path = "Pods/Target Support Files/Pods-SafeWalk/Pods-SafeWalk.release.xcconfig"; sourceTree = "<group>"; };
/* End PBXFileReference section */

/* Begin PBXFrameworksBuildPhase section */
		36BAB0311B9AD9E900F2B5D2 /* Frameworks */ = {
			isa = PBXFrameworksBuildPhase;
			buildActionMask = 2147483647;
			files = (
				36BAB05A1B9B478E00F2B5D2 /* libPods-SafeWalk.a in Frameworks */,
			);
			runOnlyForDeploymentPostprocessing = 0;
		};
		36BAB0461B9AD9E900F2B5D2 /* Frameworks */ = {
			isa = PBXFrameworksBuildPhase;
			buildActionMask = 2147483647;
			files = (
			);
			runOnlyForDeploymentPostprocessing = 0;
		};
/* End PBXFrameworksBuildPhase section */

/* Begin PBXGroup section */
		36BAB02B1B9AD9E900F2B5D2 = {
			isa = PBXGroup;
			children = (
				635DA12F1B9C026F0078BAE4 /* philly.gpx */,
				36BAB0361B9AD9E900F2B5D2 /* SafeWalk */,
				36BAB04C1B9AD9E900F2B5D2 /* SafeWalkTests */,
				36BAB0351B9AD9E900F2B5D2 /* Products */,
				F31C28235B3ADA5EFD881988 /* Pods */,
				BDCEAC523FEDBF35467600B2 /* Frameworks */,
			);
			sourceTree = "<group>";
		};
		36BAB0351B9AD9E900F2B5D2 /* Products */ = {
			isa = PBXGroup;
			children = (
				36BAB0341B9AD9E900F2B5D2 /* SafeWalk.app */,
				36BAB0491B9AD9E900F2B5D2 /* SafeWalkTests.xctest */,
			);
			name = Products;
			sourceTree = "<group>";
		};
		36BAB0361B9AD9E900F2B5D2 /* SafeWalk */ = {
			isa = PBXGroup;
			children = (
				36BAB0391B9AD9E900F2B5D2 /* AppDelegate.swift */,
				36BAB03B1B9AD9E900F2B5D2 /* ViewController.swift */,
				635DA12D1B9BFDBD0078BAE4 /* SecondViewController.swift */,
				635DA12B1B9BFD7E0078BAE4 /* Safety.swift */,
				635DA1291B9BFD740078BAE4 /* VCMapView.swift */,
				36BAB03D1B9AD9E900F2B5D2 /* Main.storyboard */,
				36BAB0401B9AD9E900F2B5D2 /* Images.xcassets */,
				36BAB0421B9AD9E900F2B5D2 /* LaunchScreen.xib */,
				36BAB0371B9AD9E900F2B5D2 /* Supporting Files */,
			);
			path = SafeWalk;
			sourceTree = "<group>";
		};
		36BAB0371B9AD9E900F2B5D2 /* Supporting Files */ = {
			isa = PBXGroup;
			children = (
				36BAB0381B9AD9E900F2B5D2 /* Info.plist */,
			);
			name = "Supporting Files";
			sourceTree = "<group>";
		};
		36BAB04C1B9AD9E900F2B5D2 /* SafeWalkTests */ = {
			isa = PBXGroup;
			children = (
				36BAB04F1B9AD9E900F2B5D2 /* SafeWalkTests.swift */,
				36BAB04D1B9AD9E900F2B5D2 /* Supporting Files */,
			);
			path = SafeWalkTests;
			sourceTree = "<group>";
		};
		36BAB04D1B9AD9E900F2B5D2 /* Supporting Files */ = {
			isa = PBXGroup;
			children = (
				36BAB04E1B9AD9E900F2B5D2 /* Info.plist */,
			);
			name = "Supporting Files";
			sourceTree = "<group>";
		};
		BDCEAC523FEDBF35467600B2 /* Frameworks */ = {
			isa = PBXGroup;
			children = (
				36BAB0591B9B478E00F2B5D2 /* libPods-SafeWalk.a */,
			);
			name = Frameworks;
			sourceTree = "<group>";
		};
		F31C28235B3ADA5EFD881988 /* Pods */ = {
			isa = PBXGroup;
			children = (
				AAFBA120FE917D67A0576AAF /* Pods-SafeWalk.debug.xcconfig */,
				E11AC9A7AF90F264A557CB8D /* Pods-SafeWalk.release.xcconfig */,
			);
			name = Pods;
			sourceTree = "<group>";
		};
/* End PBXGroup section */

/* Begin PBXNativeTarget section */
		36BAB0331B9AD9E900F2B5D2 /* SafeWalk */ = {
			isa = PBXNativeTarget;
			buildConfigurationList = 36BAB0531B9AD9E900F2B5D2 /* Build configuration list for PBXNativeTarget "SafeWalk" */;
			buildPhases = (
				A67B8AA9F743A61BB3AC01E2 /* Check Pods Manifest.lock */,
				36BAB0301B9AD9E900F2B5D2 /* Sources */,
				36BAB0311B9AD9E900F2B5D2 /* Frameworks */,
				36BAB0321B9AD9E900F2B5D2 /* Resources */,
				59DBA6317816CF81F0F10329 /* Copy Pods Resources */,
			);
			buildRules = (
			);
			dependencies = (
			);
			name = SafeWalk;
			productName = SafeWalk;
			productReference = 36BAB0341B9AD9E900F2B5D2 /* SafeWalk.app */;
			productType = "com.apple.product-type.application";
		};
		36BAB0481B9AD9E900F2B5D2 /* SafeWalkTests */ = {
			isa = PBXNativeTarget;
			buildConfigurationList = 36BAB0561B9AD9E900F2B5D2 /* Build configuration list for PBXNativeTarget "SafeWalkTests" */;
			buildPhases = (
				36BAB0451B9AD9E900F2B5D2 /* Sources */,
				36BAB0461B9AD9E900F2B5D2 /* Frameworks */,
				36BAB0471B9AD9E900F2B5D2 /* Resources */,
			);
			buildRules = (
			);
			dependencies = (
				36BAB04B1B9AD9E900F2B5D2 /* PBXTargetDependency */,
			);
			name = SafeWalkTests;
			productName = SafeWalkTests;
			productReference = 36BAB0491B9AD9E900F2B5D2 /* SafeWalkTests.xctest */;
			productType = "com.apple.product-type.bundle.unit-test";
		};
/* End PBXNativeTarget section */

/* Begin PBXProject section */
		36BAB02C1B9AD9E900F2B5D2 /* Project object */ = {
			isa = PBXProject;
			attributes = {
				LastUpgradeCheck = 0630;
				ORGANIZATIONNAME = "Juliana Hong";
				TargetAttributes = {
					36BAB0331B9AD9E900F2B5D2 = {
						CreatedOnToolsVersion = 6.3.2;
					};
					36BAB0481B9AD9E900F2B5D2 = {
						CreatedOnToolsVersion = 6.3.2;
						TestTargetID = 36BAB0331B9AD9E900F2B5D2;
					};
				};
			};
			buildConfigurationList = 36BAB02F1B9AD9E900F2B5D2 /* Build configuration list for PBXProject "SafeWalk" */;
			compatibilityVersion = "Xcode 3.2";
			developmentRegion = English;
			hasScannedForEncodings = 0;
			knownRegions = (
				en,
				Base,
			);
			mainGroup = 36BAB02B1B9AD9E900F2B5D2;
			productRefGroup = 36BAB0351B9AD9E900F2B5D2 /* Products */;
			projectDirPath = "";
			projectRoot = "";
			targets = (
				36BAB0331B9AD9E900F2B5D2 /* SafeWalk */,
				36BAB0481B9AD9E900F2B5D2 /* SafeWalkTests */,
			);
		};
/* End PBXProject section */

/* Begin PBXResourcesBuildPhase section */
		36BAB0321B9AD9E900F2B5D2 /* Resources */ = {
			isa = PBXResourcesBuildPhase;
			buildActionMask = 2147483647;
			files = (
				36BAB03F1B9AD9E900F2B5D2 /* Main.storyboard in Resources */,
				635DA1301B9C026F0078BAE4 /* philly.gpx in Resources */,
				36BAB0441B9AD9E900F2B5D2 /* LaunchScreen.xib in Resources */,
				36BAB0411B9AD9E900F2B5D2 /* Images.xcassets in Resources */,
			);
			runOnlyForDeploymentPostprocessing = 0;
		};
		36BAB0471B9AD9E900F2B5D2 /* Resources */ = {
			isa = PBXResourcesBuildPhase;
			buildActionMask = 2147483647;
			files = (
			);
			runOnlyForDeploymentPostprocessing = 0;
		};
/* End PBXResourcesBuildPhase section */

/* Begin PBXShellScriptBuildPhase section */
		59DBA6317816CF81F0F10329 /* Copy Pods Resources */ = {
			isa = PBXShellScriptBuildPhase;
			buildActionMask = 2147483647;
			files = (
			);
			inputPaths = (
			);
			name = "Copy Pods Resources";
			outputPaths = (
			);
			runOnlyForDeploymentPostprocessing = 0;
			shellPath = /bin/sh;
			shellScript = "\"${SRCROOT}/Pods/Target Support Files/Pods-SafeWalk/Pods-SafeWalk-resources.sh\"\n";
			showEnvVarsInLog = 0;
		};
		A67B8AA9F743A61BB3AC01E2 /* Check Pods Manifest.lock */ = {
			isa = PBXShellScriptBuildPhase;
			buildActionMask = 2147483647;
			files = (
			);
			inputPaths = (
			);
			name = "Check Pods Manifest.lock";
			outputPaths = (
			);
			runOnlyForDeploymentPostprocessing = 0;
			shellPath = /bin/sh;
			shellScript = "diff \"${PODS_ROOT}/../Podfile.lock\" \"${PODS_ROOT}/Manifest.lock\" > /dev/null\nif [[ $? != 0 ]] ; then\n    cat << EOM\nerror: The sandbox is not in sync with the Podfile.lock. Run 'pod install' or update your CocoaPods installation.\nEOM\n    exit 1\nfi\n";
			showEnvVarsInLog = 0;
		};
/* End PBXShellScriptBuildPhase section */

/* Begin PBXSourcesBuildPhase section */
		36BAB0301B9AD9E900F2B5D2 /* Sources */ = {
			isa = PBXSourcesBuildPhase;
			buildActionMask = 2147483647;
			files = (
				635DA12A1B9BFD740078BAE4 /* VCMapView.swift in Sources */,
				36BAB03C1B9AD9E900F2B5D2 /* ViewController.swift in Sources */,
				36BAB03A1B9AD9E900F2B5D2 /* AppDelegate.swift in Sources */,
				635DA12E1B9BFDBD0078BAE4 /* SecondViewController.swift in Sources */,
				635DA12C1B9BFD7E0078BAE4 /* Safety.swift in Sources */,
			);
			runOnlyForDeploymentPostprocessing = 0;
		};
		36BAB0451B9AD9E900F2B5D2 /* Sources */ = {
			isa = PBXSourcesBuildPhase;
			buildActionMask = 2147483647;
			files = (
				36BAB0501B9AD9E900F2B5D2 /* SafeWalkTests.swift in Sources */,
			);
			runOnlyForDeploymentPostprocessing = 0;
		};
/* End PBXSourcesBuildPhase section */

/* Begin PBXTargetDependency section */
		36BAB04B1B9AD9E900F2B5D2 /* PBXTargetDependency */ = {
			isa = PBXTargetDependency;
			target = 36BAB0331B9AD9E900F2B5D2 /* SafeWalk */;
			targetProxy = 36BAB04A1B9AD9E900F2B5D2 /* PBXContainerItemProxy */;
		};
/* End PBXTargetDependency section */

/* Begin PBXVariantGroup section */
		36BAB03D1B9AD9E900F2B5D2 /* Main.storyboard */ = {
			isa = PBXVariantGroup;
			children = (
				36BAB03E1B9AD9E900F2B5D2 /* Base */,
			);
			name = Main.storyboard;
			sourceTree = "<group>";
		};
		36BAB0421B9AD9E900F2B5D2 /* LaunchScreen.xib */ = {
			isa = PBXVariantGroup;
			children = (
				36BAB0431B9AD9E900F2B5D2 /* Base */,
			);
			name = LaunchScreen.xib;
			sourceTree = "<group>";
		};
/* End PBXVariantGroup section */

/* Begin XCBuildConfiguration section */
		36BAB0511B9AD9E900F2B5D2 /* Debug */ = {
			isa = XCBuildConfiguration;
			buildSettings = {
				ALWAYS_SEARCH_USER_PATHS = NO;
				CLANG_CXX_LANGUAGE_STANDARD = "gnu++0x";
				CLANG_CXX_LIBRARY = "libc++";
				CLANG_ENABLE_MODULES = YES;
				CLANG_ENABLE_OBJC_ARC = YES;
				CLANG_WARN_BOOL_CONVERSION = YES;
				CLANG_WARN_CONSTANT_CONVERSION = YES;
				CLANG_WARN_DIRECT_OBJC_ISA_USAGE = YES_ERROR;
				CLANG_WARN_EMPTY_BODY = YES;
				CLANG_WARN_ENUM_CONVERSION = YES;
				CLANG_WARN_INT_CONVERSION = YES;
				CLANG_WARN_OBJC_ROOT_CLASS = YES_ERROR;
				CLANG_WARN_UNREACHABLE_CODE = YES;
				CLANG_WARN__DUPLICATE_METHOD_MATCH = YES;
				"CODE_SIGN_IDENTITY[sdk=iphoneos*]" = "iPhone Developer";
				COPY_PHASE_STRIP = NO;
				DEBUG_INFORMATION_FORMAT = "dwarf-with-dsym";
				ENABLE_STRICT_OBJC_MSGSEND = YES;
				GCC_C_LANGUAGE_STANDARD = gnu99;
				GCC_DYNAMIC_NO_PIC = NO;
				GCC_NO_COMMON_BLOCKS = YES;
				GCC_OPTIMIZATION_LEVEL = 0;
				GCC_PREPROCESSOR_DEFINITIONS = (
					"DEBUG=1",
					"$(inherited)",
				);
				GCC_SYMBOLS_PRIVATE_EXTERN = NO;
				GCC_WARN_64_TO_32_BIT_CONVERSION = YES;
				GCC_WARN_ABOUT_RETURN_TYPE = YES_ERROR;
				GCC_WARN_UNDECLARED_SELECTOR = YES;
				GCC_WARN_UNINITIALIZED_AUTOS = YES_AGGRESSIVE;
				GCC_WARN_UNUSED_FUNCTION = YES;
				GCC_WARN_UNUSED_VARIABLE = YES;
				IPHONEOS_DEPLOYMENT_TARGET = 8.3;
				MTL_ENABLE_DEBUG_INFO = YES;
				ONLY_ACTIVE_ARCH = YES;
				SDKROOT = iphoneos;
				SWIFT_OPTIMIZATION_LEVEL = "-Onone";
				TARGETED_DEVICE_FAMILY = "1,2";
			};
			name = Debug;
		};
		36BAB0521B9AD9E900F2B5D2 /* Release */ = {
			isa = XCBuildConfiguration;
			buildSettings = {
				ALWAYS_SEARCH_USER_PATHS = NO;
				CLANG_CXX_LANGUAGE_STANDARD = "gnu++0x";
				CLANG_CXX_LIBRARY = "libc++";
				CLANG_ENABLE_MODULES = YES;
				CLANG_ENABLE_OBJC_ARC = YES;
				CLANG_WARN_BOOL_CONVERSION = YES;
				CLANG_WARN_CONSTANT_CONVERSION = YES;
				CLANG_WARN_DIRECT_OBJC_ISA_USAGE = YES_ERROR;
				CLANG_WARN_EMPTY_BODY = YES;
				CLANG_WARN_ENUM_CONVERSION = YES;
				CLANG_WARN_INT_CONVERSION = YES;
				CLANG_WARN_OBJC_ROOT_CLASS = YES_ERROR;
				CLANG_WARN_UNREACHABLE_CODE = YES;
				CLANG_WARN__DUPLICATE_METHOD_MATCH = YES;
				"CODE_SIGN_IDENTITY[sdk=iphoneos*]" = "iPhone Developer";
				COPY_PHASE_STRIP = NO;
				DEBUG_INFORMATION_FORMAT = "dwarf-with-dsym";
				ENABLE_NS_ASSERTIONS = NO;
				ENABLE_STRICT_OBJC_MSGSEND = YES;
				GCC_C_LANGUAGE_STANDARD = gnu99;
				GCC_NO_COMMON_BLOCKS = YES;
				GCC_WARN_64_TO_32_BIT_CONVERSION = YES;
				GCC_WARN_ABOUT_RETURN_TYPE = YES_ERROR;
				GCC_WARN_UNDECLARED_SELECTOR = YES;
				GCC_WARN_UNINITIALIZED_AUTOS = YES_AGGRESSIVE;
				GCC_WARN_UNUSED_FUNCTION = YES;
				GCC_WARN_UNUSED_VARIABLE = YES;
				IPHONEOS_DEPLOYMENT_TARGET = 8.3;
				MTL_ENABLE_DEBUG_INFO = NO;
				SDKROOT = iphoneos;
				TARGETED_DEVICE_FAMILY = "1,2";
				VALIDATE_PRODUCT = YES;
			};
			name = Release;
		};
		36BAB0541B9AD9E900F2B5D2 /* Debug */ = {
			isa = XCBuildConfiguration;
			baseConfigurationReference = AAFBA120FE917D67A0576AAF /* Pods-SafeWalk.debug.xcconfig */;
			buildSettings = {
				ASSETCATALOG_COMPILER_APPICON_NAME = AppIcon;
				INFOPLIST_FILE = SafeWalk/Info.plist;
				LD_RUNPATH_SEARCH_PATHS = "$(inherited) @executable_path/Frameworks";
				LIBRARY_SEARCH_PATHS = (
					"$(inherited)",
					"$(PROJECT_DIR)",
				);
				PRODUCT_NAME = "$(TARGET_NAME)";
				TARGETED_DEVICE_FAMILY = 1;
			};
			name = Debug;
		};
		36BAB0551B9AD9E900F2B5D2 /* Release */ = {
			isa = XCBuildConfiguration;
			baseConfigurationReference = E11AC9A7AF90F264A557CB8D /* Pods-SafeWalk.release.xcconfig */;
			buildSettings = {
				ASSETCATALOG_COMPILER_APPICON_NAME = AppIcon;
				INFOPLIST_FILE = SafeWalk/Info.plist;
				LD_RUNPATH_SEARCH_PATHS = "$(inherited) @executable_path/Frameworks";
				LIBRARY_SEARCH_PATHS = (
					"$(inherited)",
					"$(PROJECT_DIR)",
				);
				PRODUCT_NAME = "$(TARGET_NAME)";
				TARGETED_DEVICE_FAMILY = 1;
			};
			name = Release;
		};
		36BAB0571B9AD9E900F2B5D2 /* Debug */ = {
			isa = XCBuildConfiguration;
			buildSettings = {
				BUNDLE_LOADER = "$(TEST_HOST)";
				FRAMEWORK_SEARCH_PATHS = (
					"$(SDKROOT)/Developer/Library/Frameworks",
					"$(inherited)",
				);
				GCC_PREPROCESSOR_DEFINITIONS = (
					"DEBUG=1",
					"$(inherited)",
				);
				INFOPLIST_FILE = SafeWalkTests/Info.plist;
				LD_RUNPATH_SEARCH_PATHS = "$(inherited) @executable_path/Frameworks @loader_path/Frameworks";
				PRODUCT_NAME = "$(TARGET_NAME)";
				TEST_HOST = "$(BUILT_PRODUCTS_DIR)/SafeWalk.app/SafeWalk";
			};
			name = Debug;
		};
		36BAB0581B9AD9E900F2B5D2 /* Release */ = {
			isa = XCBuildConfiguration;
			buildSettings = {
				BUNDLE_LOADER = "$(TEST_HOST)";
				FRAMEWORK_SEARCH_PATHS = (
					"$(SDKROOT)/Developer/Library/Frameworks",
					"$(inherited)",
				);
				INFOPLIST_FILE = SafeWalkTests/Info.plist;
				LD_RUNPATH_SEARCH_PATHS = "$(inherited) @executable_path/Frameworks @loader_path/Frameworks";
				PRODUCT_NAME = "$(TARGET_NAME)";
				TEST_HOST = "$(BUILT_PRODUCTS_DIR)/SafeWalk.app/SafeWalk";
			};
			name = Release;
		};
/* End XCBuildConfiguration section */

/* Begin XCConfigurationList section */
		36BAB02F1B9AD9E900F2B5D2 /* Build configuration list for PBXProject "SafeWalk" */ = {
			isa = XCConfigurationList;
			buildConfigurations = (
				36BAB0511B9AD9E900F2B5D2 /* Debug */,
				36BAB0521B9AD9E900F2B5D2 /* Release */,
			);
			defaultConfigurationIsVisible = 0;
			defaultConfigurationName = Release;
		};
		36BAB0531B9AD9E900F2B5D2 /* Build configuration list for PBXNativeTarget "SafeWalk" */ = {
			isa = XCConfigurationList;
			buildConfigurations = (
				36BAB0541B9AD9E900F2B5D2 /* Debug */,
				36BAB0551B9AD9E900F2B5D2 /* Release */,
			);
			defaultConfigurationIsVisible = 0;
			defaultConfigurationName = Release;
		};
		36BAB0561B9AD9E900F2B5D2 /* Build configuration list for PBXNativeTarget "SafeWalkTests" */ = {
			isa = XCConfigurationList;
			buildConfigurations = (
				36BAB0571B9AD9E900F2B5D2 /* Debug */,
				36BAB0581B9AD9E900F2B5D2 /* Release */,
			);
			defaultConfigurationIsVisible = 0;
			defaultConfigurationName = Release;
		};
/* End XCConfigurationList section */
	};
	rootObject = 36BAB02C1B9AD9E900F2B5D2 /* Project object */;
}
